// !$*UTF8*$!
{
	archiveVersion = 1;
	classes = {
	};
	objectVersion = 56;
	objects = {

/* Begin PBXBuildFile section */
		18B4CC5E2C450E9E006D8B90 /* SocialAppApp.swift in Sources */ = {isa = PBXBuildFile; fileRef = 18B4CC5D2C450E9E006D8B90 /* SocialAppApp.swift */; };
		18B4CC602C450E9E006D8B90 /* ContentView.swift in Sources */ = {isa = PBXBuildFile; fileRef = 18B4CC5F2C450E9E006D8B90 /* ContentView.swift */; };
		18B4CC622C450E9E006D8B90 /* Item.swift in Sources */ = {isa = PBXBuildFile; fileRef = 18B4CC612C450E9E006D8B90 /* Item.swift */; };
		18B4CC642C450EA2006D8B90 /* Assets.xcassets in Resources */ = {isa = PBXBuildFile; fileRef = 18B4CC632C450EA2006D8B90 /* Assets.xcassets */; };
		18B4CC672C450EA2006D8B90 /* Preview Assets.xcassets in Resources */ = {isa = PBXBuildFile; fileRef = 18B4CC662C450EA2006D8B90 /* Preview Assets.xcassets */; };
		18B4CC712C450EA2006D8B90 /* SocialAppTests.swift in Sources */ = {isa = PBXBuildFile; fileRef = 18B4CC702C450EA2006D8B90 /* SocialAppTests.swift */; };
		18B4CC7B2C450EA2006D8B90 /* SocialAppUITests.swift in Sources */ = {isa = PBXBuildFile; fileRef = 18B4CC7A2C450EA2006D8B90 /* SocialAppUITests.swift */; };
		18B4CC7D2C450EA2006D8B90 /* SocialAppUITestsLaunchTests.swift in Sources */ = {isa = PBXBuildFile; fileRef = 18B4CC7C2C450EA2006D8B90 /* SocialAppUITestsLaunchTests.swift */; };
		18B4CC8B2C450F97006D8B90 /* ItemProtocol.swift in Sources */ = {isa = PBXBuildFile; fileRef = 18B4CC8A2C450F96006D8B90 /* ItemProtocol.swift */; };
		18B4CC8E2C4515BD006D8B90 /* ItemModels.swift in Sources */ = {isa = PBXBuildFile; fileRef = 18B4CC8D2C4515BD006D8B90 /* ItemModels.swift */; };
		18B4CC912C4515F1006D8B90 /* ItemViewModel.swift in Sources */ = {isa = PBXBuildFile; fileRef = 18B4CC902C4515F1006D8B90 /* ItemViewModel.swift */; };
		18B4CC942C45192A006D8B90 /* AddEditGroceryView.swift in Sources */ = {isa = PBXBuildFile; fileRef = 18B4CC932C45192A006D8B90 /* AddEditGroceryView.swift */; };
		18B4CC962C451951006D8B90 /* AddEditGardenView.swift in Sources */ = {isa = PBXBuildFile; fileRef = 18B4CC952C451951006D8B90 /* AddEditGardenView.swift */; };
		18B4CC992C451980006D8B90 /* DetailView.swift in Sources */ = {isa = PBXBuildFile; fileRef = 18B4CC982C451980006D8B90 /* DetailView.swift */; };
/* End PBXBuildFile section */

/* Begin PBXContainerItemProxy section */
		18B4CC6D2C450EA2006D8B90 /* PBXContainerItemProxy */ = {
			isa = PBXContainerItemProxy;
			containerPortal = 18B4CC522C450E9E006D8B90 /* Project object */;
			proxyType = 1;
			remoteGlobalIDString = 18B4CC592C450E9E006D8B90;
			remoteInfo = SocialApp;
		};
		18B4CC772C450EA2006D8B90 /* PBXContainerItemProxy */ = {
			isa = PBXContainerItemProxy;
			containerPortal = 18B4CC522C450E9E006D8B90 /* Project object */;
			proxyType = 1;
			remoteGlobalIDString = 18B4CC592C450E9E006D8B90;
			remoteInfo = SocialApp;
		};
/* End PBXContainerItemProxy section */

/* Begin PBXFileReference section */
		18B4CC5A2C450E9E006D8B90 /* SocialApp.app */ = {isa = PBXFileReference; explicitFileType = wrapper.application; includeInIndex = 0; path = SocialApp.app; sourceTree = BUILT_PRODUCTS_DIR; };
		18B4CC5D2C450E9E006D8B90 /* SocialAppApp.swift */ = {isa = PBXFileReference; lastKnownFileType = sourcecode.swift; path = SocialAppApp.swift; sourceTree = "<group>"; };
		18B4CC5F2C450E9E006D8B90 /* ContentView.swift */ = {isa = PBXFileReference; lastKnownFileType = sourcecode.swift; path = ContentView.swift; sourceTree = "<group>"; };
		18B4CC612C450E9E006D8B90 /* Item.swift */ = {isa = PBXFileReference; lastKnownFileType = sourcecode.swift; path = Item.swift; sourceTree = "<group>"; };
		18B4CC632C450EA2006D8B90 /* Assets.xcassets */ = {isa = PBXFileReference; lastKnownFileType = folder.assetcatalog; path = Assets.xcassets; sourceTree = "<group>"; };
		18B4CC662C450EA2006D8B90 /* Preview Assets.xcassets */ = {isa = PBXFileReference; lastKnownFileType = folder.assetcatalog; path = "Preview Assets.xcassets"; sourceTree = "<group>"; };
		18B4CC6C2C450EA2006D8B90 /* SocialAppTests.xctest */ = {isa = PBXFileReference; explicitFileType = wrapper.cfbundle; includeInIndex = 0; path = SocialAppTests.xctest; sourceTree = BUILT_PRODUCTS_DIR; };
		18B4CC702C450EA2006D8B90 /* SocialAppTests.swift */ = {isa = PBXFileReference; lastKnownFileType = sourcecode.swift; path = SocialAppTests.swift; sourceTree = "<group>"; };
		18B4CC762C450EA2006D8B90 /* SocialAppUITests.xctest */ = {isa = PBXFileReference; explicitFileType = wrapper.cfbundle; includeInIndex = 0; path = SocialAppUITests.xctest; sourceTree = BUILT_PRODUCTS_DIR; };
		18B4CC7A2C450EA2006D8B90 /* SocialAppUITests.swift */ = {isa = PBXFileReference; lastKnownFileType = sourcecode.swift; path = SocialAppUITests.swift; sourceTree = "<group>"; };
		18B4CC7C2C450EA2006D8B90 /* SocialAppUITestsLaunchTests.swift */ = {isa = PBXFileReference; lastKnownFileType = sourcecode.swift; path = SocialAppUITestsLaunchTests.swift; sourceTree = "<group>"; };
		18B4CC8A2C450F96006D8B90 /* ItemProtocol.swift */ = {isa = PBXFileReference; lastKnownFileType = sourcecode.swift; path = ItemProtocol.swift; sourceTree = "<group>"; };
		18B4CC8D2C4515BD006D8B90 /* ItemModels.swift */ = {isa = PBXFileReference; lastKnownFileType = sourcecode.swift; path = ItemModels.swift; sourceTree = "<group>"; };
		18B4CC902C4515F1006D8B90 /* ItemViewModel.swift */ = {isa = PBXFileReference; lastKnownFileType = sourcecode.swift; path = ItemViewModel.swift; sourceTree = "<group>"; };
		18B4CC932C45192A006D8B90 /* AddEditGroceryView.swift */ = {isa = PBXFileReference; lastKnownFileType = sourcecode.swift; path = AddEditGroceryView.swift; sourceTree = "<group>"; };
		18B4CC952C451951006D8B90 /* AddEditGardenView.swift */ = {isa = PBXFileReference; lastKnownFileType = sourcecode.swift; path = AddEditGardenView.swift; sourceTree = "<group>"; };
		18B4CC982C451980006D8B90 /* DetailView.swift */ = {isa = PBXFileReference; lastKnownFileType = sourcecode.swift; path = DetailView.swift; sourceTree = "<group>"; };
/* End PBXFileReference section */

/* Begin PBXFrameworksBuildPhase section */
		18B4CC572C450E9E006D8B90 /* Frameworks */ = {
			isa = PBXFrameworksBuildPhase;
			buildActionMask = 2147483647;
			files = (
			);
			runOnlyForDeploymentPostprocessing = 0;
		};
		18B4CC692C450EA2006D8B90 /* Frameworks */ = {
			isa = PBXFrameworksBuildPhase;
			buildActionMask = 2147483647;
			files = (
			);
			runOnlyForDeploymentPostprocessing = 0;
		};
		18B4CC732C450EA2006D8B90 /* Frameworks */ = {
			isa = PBXFrameworksBuildPhase;
			buildActionMask = 2147483647;
			files = (
			);
			runOnlyForDeploymentPostprocessing = 0;
		};
/* End PBXFrameworksBuildPhase section */

/* Begin PBXGroup section */
		18B4CC512C450E9E006D8B90 = {
			isa = PBXGroup;
			children = (
				18B4CC5C2C450E9E006D8B90 /* SocialApp */,
				18B4CC6F2C450EA2006D8B90 /* SocialAppTests */,
				18B4CC792C450EA2006D8B90 /* SocialAppUITests */,
				18B4CC5B2C450E9E006D8B90 /* Products */,
			);
			sourceTree = "<group>";
		};
		18B4CC5B2C450E9E006D8B90 /* Products */ = {
			isa = PBXGroup;
			children = (
				18B4CC5A2C450E9E006D8B90 /* SocialApp.app */,
				18B4CC6C2C450EA2006D8B90 /* SocialAppTests.xctest */,
				18B4CC762C450EA2006D8B90 /* SocialAppUITests.xctest */,
			);
			name = Products;
			sourceTree = "<group>";
		};
		18B4CC5C2C450E9E006D8B90 /* SocialApp */ = {
			isa = PBXGroup;
			children = (
				18B4CC972C45195C006D8B90 /* DetailView */,
				18B4CC922C451914006D8B90 /* AddEditViews */,
				18B4CC8F2C4515C8006D8B90 /* ModelView */,
				18B4CC8C2C4515A9006D8B90 /* Models */,
				18B4CC892C450F74006D8B90 /* BaseProtocol */,
				18B4CC5D2C450E9E006D8B90 /* SocialAppApp.swift */,
				18B4CC5F2C450E9E006D8B90 /* ContentView.swift */,
				18B4CC612C450E9E006D8B90 /* Item.swift */,
				18B4CC632C450EA2006D8B90 /* Assets.xcassets */,
				18B4CC652C450EA2006D8B90 /* Preview Content */,
			);
			path = SocialApp;
			sourceTree = "<group>";
		};
		18B4CC652C450EA2006D8B90 /* Preview Content */ = {
			isa = PBXGroup;
			children = (
				18B4CC662C450EA2006D8B90 /* Preview Assets.xcassets */,
			);
			path = "Preview Content";
			sourceTree = "<group>";
		};
		18B4CC6F2C450EA2006D8B90 /* SocialAppTests */ = {
			isa = PBXGroup;
			children = (
				18B4CC702C450EA2006D8B90 /* SocialAppTests.swift */,
			);
			path = SocialAppTests;
			sourceTree = "<group>";
		};
		18B4CC792C450EA2006D8B90 /* SocialAppUITests */ = {
			isa = PBXGroup;
			children = (
				18B4CC7A2C450EA2006D8B90 /* SocialAppUITests.swift */,
				18B4CC7C2C450EA2006D8B90 /* SocialAppUITestsLaunchTests.swift */,
			);
			path = SocialAppUITests;
			sourceTree = "<group>";
		};
		18B4CC892C450F74006D8B90 /* BaseProtocol */ = {
			isa = PBXGroup;
			children = (
				18B4CC8A2C450F96006D8B90 /* ItemProtocol.swift */,
			);
			path = BaseProtocol;
			sourceTree = "<group>";
		};
		18B4CC8C2C4515A9006D8B90 /* Models */ = {
			isa = PBXGroup;
			children = (
				18B4CC8D2C4515BD006D8B90 /* ItemModels.swift */,
			);
			path = Models;
			sourceTree = "<group>";
		};
		18B4CC8F2C4515C8006D8B90 /* ModelView */ = {
			isa = PBXGroup;
			children = (
				18B4CC902C4515F1006D8B90 /* ItemViewModel.swift */,
			);
			path = ModelView;
			sourceTree = "<group>";
		};
		18B4CC922C451914006D8B90 /* AddEditViews */ = {
			isa = PBXGroup;
			children = (
				18B4CC932C45192A006D8B90 /* AddEditGroceryView.swift */,
				18B4CC952C451951006D8B90 /* AddEditGardenView.swift */,
			);
			path = AddEditViews;
			sourceTree = "<group>";
		};
		18B4CC972C45195C006D8B90 /* DetailView */ = {
			isa = PBXGroup;
			children = (
				18B4CC982C451980006D8B90 /* DetailView.swift */,
			);
			path = DetailView;
			sourceTree = "<group>";
		};
/* End PBXGroup section */

/* Begin PBXNativeTarget section */
		18B4CC592C450E9E006D8B90 /* SocialApp */ = {
			isa = PBXNativeTarget;
			buildConfigurationList = 18B4CC802C450EA2006D8B90 /* Build configuration list for PBXNativeTarget "SocialApp" */;
			buildPhases = (
				18B4CC562C450E9E006D8B90 /* Sources */,
				18B4CC572C450E9E006D8B90 /* Frameworks */,
				18B4CC582C450E9E006D8B90 /* Resources */,
			);
			buildRules = (
			);
			dependencies = (
			);
			name = SocialApp;
			productName = SocialApp;
			productReference = 18B4CC5A2C450E9E006D8B90 /* SocialApp.app */;
			productType = "com.apple.product-type.application";
		};
		18B4CC6B2C450EA2006D8B90 /* SocialAppTests */ = {
			isa = PBXNativeTarget;
			buildConfigurationList = 18B4CC832C450EA2006D8B90 /* Build configuration list for PBXNativeTarget "SocialAppTests" */;
			buildPhases = (
				18B4CC682C450EA2006D8B90 /* Sources */,
				18B4CC692C450EA2006D8B90 /* Frameworks */,
				18B4CC6A2C450EA2006D8B90 /* Resources */,
			);
			buildRules = (
			);
			dependencies = (
				18B4CC6E2C450EA2006D8B90 /* PBXTargetDependency */,
			);
			name = SocialAppTests;
			productName = SocialAppTests;
			productReference = 18B4CC6C2C450EA2006D8B90 /* SocialAppTests.xctest */;
			productType = "com.apple.product-type.bundle.unit-test";
		};
		18B4CC752C450EA2006D8B90 /* SocialAppUITests */ = {
			isa = PBXNativeTarget;
			buildConfigurationList = 18B4CC862C450EA2006D8B90 /* Build configuration list for PBXNativeTarget "SocialAppUITests" */;
			buildPhases = (
				18B4CC722C450EA2006D8B90 /* Sources */,
				18B4CC732C450EA2006D8B90 /* Frameworks */,
				18B4CC742C450EA2006D8B90 /* Resources */,
			);
			buildRules = (
			);
			dependencies = (
				18B4CC782C450EA2006D8B90 /* PBXTargetDependency */,
			);
			name = SocialAppUITests;
			productName = SocialAppUITests;
			productReference = 18B4CC762C450EA2006D8B90 /* SocialAppUITests.xctest */;
			productType = "com.apple.product-type.bundle.ui-testing";
		};
/* End PBXNativeTarget section */

/* Begin PBXProject section */
		18B4CC522C450E9E006D8B90 /* Project object */ = {
			isa = PBXProject;
			attributes = {
				BuildIndependentTargetsInParallel = 1;
				LastSwiftUpdateCheck = 1540;
				LastUpgradeCheck = 1540;
				TargetAttributes = {
					18B4CC592C450E9E006D8B90 = {
						CreatedOnToolsVersion = 15.4;
					};
					18B4CC6B2C450EA2006D8B90 = {
						CreatedOnToolsVersion = 15.4;
						TestTargetID = 18B4CC592C450E9E006D8B90;
					};
					18B4CC752C450EA2006D8B90 = {
						CreatedOnToolsVersion = 15.4;
						TestTargetID = 18B4CC592C450E9E006D8B90;
					};
				};
			};
			buildConfigurationList = 18B4CC552C450E9E006D8B90 /* Build configuration list for PBXProject "SocialApp" */;
			compatibilityVersion = "Xcode 14.0";
			developmentRegion = en;
			hasScannedForEncodings = 0;
			knownRegions = (
				en,
				Base,
			);
			mainGroup = 18B4CC512C450E9E006D8B90;
			productRefGroup = 18B4CC5B2C450E9E006D8B90 /* Products */;
			projectDirPath = "";
			projectRoot = "";
			targets = (
				18B4CC592C450E9E006D8B90 /* SocialApp */,
				18B4CC6B2C450EA2006D8B90 /* SocialAppTests */,
				18B4CC752C450EA2006D8B90 /* SocialAppUITests */,
			);
		};
/* End PBXProject section */

/* Begin PBXResourcesBuildPhase section */
		18B4CC582C450E9E006D8B90 /* Resources */ = {
			isa = PBXResourcesBuildPhase;
			buildActionMask = 2147483647;
			files = (
				18B4CC672C450EA2006D8B90 /* Preview Assets.xcassets in Resources */,
				18B4CC642C450EA2006D8B90 /* Assets.xcassets in Resources */,
			);
			runOnlyForDeploymentPostprocessing = 0;
		};
		18B4CC6A2C450EA2006D8B90 /* Resources */ = {
			isa = PBXResourcesBuildPhase;
			buildActionMask = 2147483647;
			files = (
			);
			runOnlyForDeploymentPostprocessing = 0;
		};
		18B4CC742C450EA2006D8B90 /* Resources */ = {
			isa = PBXResourcesBuildPhase;
			buildActionMask = 2147483647;
			files = (
			);
			runOnlyForDeploymentPostprocessing = 0;
		};
/* End PBXResourcesBuildPhase section */

/* Begin PBXSourcesBuildPhase section */
		18B4CC562C450E9E006D8B90 /* Sources */ = {
			isa = PBXSourcesBuildPhase;
			buildActionMask = 2147483647;
			files = (
				18B4CC8E2C4515BD006D8B90 /* ItemModels.swift in Sources */,
				18B4CC992C451980006D8B90 /* DetailView.swift in Sources */,
				18B4CC602C450E9E006D8B90 /* ContentView.swift in Sources */,
				18B4CC8B2C450F97006D8B90 /* ItemProtocol.swift in Sources */,
				18B4CC622C450E9E006D8B90 /* Item.swift in Sources */,
				18B4CC5E2C450E9E006D8B90 /* SocialAppApp.swift in Sources */,
				18B4CC962C451951006D8B90 /* AddEditGardenView.swift in Sources */,
				18B4CC942C45192A006D8B90 /* AddEditGroceryView.swift in Sources */,
				18B4CC912C4515F1006D8B90 /* ItemViewModel.swift in Sources */,
			);
			runOnlyForDeploymentPostprocessing = 0;
		};
		18B4CC682C450EA2006D8B90 /* Sources */ = {
			isa = PBXSourcesBuildPhase;
			buildActionMask = 2147483647;
			files = (
				18B4CC712C450EA2006D8B90 /* SocialAppTests.swift in Sources */,
			);
			runOnlyForDeploymentPostprocessing = 0;
		};
		18B4CC722C450EA2006D8B90 /* Sources */ = {
			isa = PBXSourcesBuildPhase;
			buildActionMask = 2147483647;
			files = (
				18B4CC7B2C450EA2006D8B90 /* SocialAppUITests.swift in Sources */,
				18B4CC7D2C450EA2006D8B90 /* SocialAppUITestsLaunchTests.swift in Sources */,
			);
			runOnlyForDeploymentPostprocessing = 0;
		};
/* End PBXSourcesBuildPhase section */

/* Begin PBXTargetDependency section */
		18B4CC6E2C450EA2006D8B90 /* PBXTargetDependency */ = {
			isa = PBXTargetDependency;
			target = 18B4CC592C450E9E006D8B90 /* SocialApp */;
			targetProxy = 18B4CC6D2C450EA2006D8B90 /* PBXContainerItemProxy */;
		};
		18B4CC782C450EA2006D8B90 /* PBXTargetDependency */ = {
			isa = PBXTargetDependency;
			target = 18B4CC592C450E9E006D8B90 /* SocialApp */;
			targetProxy = 18B4CC772C450EA2006D8B90 /* PBXContainerItemProxy */;
		};
/* End PBXTargetDependency section */

/* Begin XCBuildConfiguration section */
		18B4CC7E2C450EA2006D8B90 /* Debug */ = {
			isa = XCBuildConfiguration;
			buildSettings = {
				ALWAYS_SEARCH_USER_PATHS = NO;
				ASSETCATALOG_COMPILER_GENERATE_SWIFT_ASSET_SYMBOL_EXTENSIONS = YES;
				CLANG_ANALYZER_NONNULL = YES;
				CLANG_ANALYZER_NUMBER_OBJECT_CONVERSION = YES_AGGRESSIVE;
				CLANG_CXX_LANGUAGE_STANDARD = "gnu++20";
				CLANG_ENABLE_MODULES = YES;
				CLANG_ENABLE_OBJC_ARC = YES;
				CLANG_ENABLE_OBJC_WEAK = YES;
				CLANG_WARN_BLOCK_CAPTURE_AUTORELEASING = YES;
				CLANG_WARN_BOOL_CONVERSION = YES;
				CLANG_WARN_COMMA = YES;
				CLANG_WARN_CONSTANT_CONVERSION = YES;
				CLANG_WARN_DEPRECATED_OBJC_IMPLEMENTATIONS = YES;
				CLANG_WARN_DIRECT_OBJC_ISA_USAGE = YES_ERROR;
				CLANG_WARN_DOCUMENTATION_COMMENTS = YES;
				CLANG_WARN_EMPTY_BODY = YES;
				CLANG_WARN_ENUM_CONVERSION = YES;
				CLANG_WARN_INFINITE_RECURSION = YES;
				CLANG_WARN_INT_CONVERSION = YES;
				CLANG_WARN_NON_LITERAL_NULL_CONVERSION = YES;
				CLANG_WARN_OBJC_IMPLICIT_RETAIN_SELF = YES;
				CLANG_WARN_OBJC_LITERAL_CONVERSION = YES;
				CLANG_WARN_OBJC_ROOT_CLASS = YES_ERROR;
				CLANG_WARN_QUOTED_INCLUDE_IN_FRAMEWORK_HEADER = YES;
				CLANG_WARN_RANGE_LOOP_ANALYSIS = YES;
				CLANG_WARN_STRICT_PROTOTYPES = YES;
				CLANG_WARN_SUSPICIOUS_MOVE = YES;
				CLANG_WARN_UNGUARDED_AVAILABILITY = YES_AGGRESSIVE;
				CLANG_WARN_UNREACHABLE_CODE = YES;
				CLANG_WARN__DUPLICATE_METHOD_MATCH = YES;
				COPY_PHASE_STRIP = NO;
				DEBUG_INFORMATION_FORMAT = dwarf;
				ENABLE_STRICT_OBJC_MSGSEND = YES;
				ENABLE_TESTABILITY = YES;
				ENABLE_USER_SCRIPT_SANDBOXING = YES;
				GCC_C_LANGUAGE_STANDARD = gnu17;
				GCC_DYNAMIC_NO_PIC = NO;
				GCC_NO_COMMON_BLOCKS = YES;
				GCC_OPTIMIZATION_LEVEL = 0;
				GCC_PREPROCESSOR_DEFINITIONS = (
					"DEBUG=1",
					"$(inherited)",
				);
				GCC_WARN_64_TO_32_BIT_CONVERSION = YES;
				GCC_WARN_ABOUT_RETURN_TYPE = YES_ERROR;
				GCC_WARN_UNDECLARED_SELECTOR = YES;
				GCC_WARN_UNINITIALIZED_AUTOS = YES_AGGRESSIVE;
				GCC_WARN_UNUSED_FUNCTION = YES;
				GCC_WARN_UNUSED_VARIABLE = YES;
				IPHONEOS_DEPLOYMENT_TARGET = 17.5;
				LOCALIZATION_PREFERS_STRING_CATALOGS = YES;
				MTL_ENABLE_DEBUG_INFO = INCLUDE_SOURCE;
				MTL_FAST_MATH = YES;
				ONLY_ACTIVE_ARCH = YES;
				SDKROOT = iphoneos;
				SWIFT_ACTIVE_COMPILATION_CONDITIONS = "DEBUG $(inherited)";
				SWIFT_OPTIMIZATION_LEVEL = "-Onone";
			};
			name = Debug;
		};
		18B4CC7F2C450EA2006D8B90 /* Release */ = {
			isa = XCBuildConfiguration;
			buildSettings = {
				ALWAYS_SEARCH_USER_PATHS = NO;
				ASSETCATALOG_COMPILER_GENERATE_SWIFT_ASSET_SYMBOL_EXTENSIONS = YES;
				CLANG_ANALYZER_NONNULL = YES;
				CLANG_ANALYZER_NUMBER_OBJECT_CONVERSION = YES_AGGRESSIVE;
				CLANG_CXX_LANGUAGE_STANDARD = "gnu++20";
				CLANG_ENABLE_MODULES = YES;
				CLANG_ENABLE_OBJC_ARC = YES;
				CLANG_ENABLE_OBJC_WEAK = YES;
				CLANG_WARN_BLOCK_CAPTURE_AUTORELEASING = YES;
				CLANG_WARN_BOOL_CONVERSION = YES;
				CLANG_WARN_COMMA = YES;
				CLANG_WARN_CONSTANT_CONVERSION = YES;
				CLANG_WARN_DEPRECATED_OBJC_IMPLEMENTATIONS = YES;
				CLANG_WARN_DIRECT_OBJC_ISA_USAGE = YES_ERROR;
				CLANG_WARN_DOCUMENTATION_COMMENTS = YES;
				CLANG_WARN_EMPTY_BODY = YES;
				CLANG_WARN_ENUM_CONVERSION = YES;
				CLANG_WARN_INFINITE_RECURSION = YES;
				CLANG_WARN_INT_CONVERSION = YES;
				CLANG_WARN_NON_LITERAL_NULL_CONVERSION = YES;
				CLANG_WARN_OBJC_IMPLICIT_RETAIN_SELF = YES;
				CLANG_WARN_OBJC_LITERAL_CONVERSION = YES;
				CLANG_WARN_OBJC_ROOT_CLASS = YES_ERROR;
				CLANG_WARN_QUOTED_INCLUDE_IN_FRAMEWORK_HEADER = YES;
				CLANG_WARN_RANGE_LOOP_ANALYSIS = YES;
				CLANG_WARN_STRICT_PROTOTYPES = YES;
				CLANG_WARN_SUSPICIOUS_MOVE = YES;
				CLANG_WARN_UNGUARDED_AVAILABILITY = YES_AGGRESSIVE;
				CLANG_WARN_UNREACHABLE_CODE = YES;
				CLANG_WARN__DUPLICATE_METHOD_MATCH = YES;
				COPY_PHASE_STRIP = NO;
				DEBUG_INFORMATION_FORMAT = "dwarf-with-dsym";
				ENABLE_NS_ASSERTIONS = NO;
				ENABLE_STRICT_OBJC_MSGSEND = YES;
				ENABLE_USER_SCRIPT_SANDBOXING = YES;
				GCC_C_LANGUAGE_STANDARD = gnu17;
				GCC_NO_COMMON_BLOCKS = YES;
				GCC_WARN_64_TO_32_BIT_CONVERSION = YES;
				GCC_WARN_ABOUT_RETURN_TYPE = YES_ERROR;
				GCC_WARN_UNDECLARED_SELECTOR = YES;
				GCC_WARN_UNINITIALIZED_AUTOS = YES_AGGRESSIVE;
				GCC_WARN_UNUSED_FUNCTION = YES;
				GCC_WARN_UNUSED_VARIABLE = YES;
				IPHONEOS_DEPLOYMENT_TARGET = 17.5;
				LOCALIZATION_PREFERS_STRING_CATALOGS = YES;
				MTL_ENABLE_DEBUG_INFO = NO;
				MTL_FAST_MATH = YES;
				SDKROOT = iphoneos;
				SWIFT_COMPILATION_MODE = wholemodule;
				VALIDATE_PRODUCT = YES;
			};
			name = Release;
		};
		18B4CC812C450EA2006D8B90 /* Debug */ = {
			isa = XCBuildConfiguration;
			buildSettings = {
				ASSETCATALOG_COMPILER_APPICON_NAME = AppIcon;
				ASSETCATALOG_COMPILER_GLOBAL_ACCENT_COLOR_NAME = AccentColor;
				CODE_SIGN_STYLE = Automatic;
				CURRENT_PROJECT_VERSION = 1;
				DEVELOPMENT_ASSET_PATHS = "\"SocialApp/Preview Content\"";
				DEVELOPMENT_TEAM = CA788P8829;
				ENABLE_PREVIEWS = YES;
				GENERATE_INFOPLIST_FILE = YES;
				INFOPLIST_KEY_UIApplicationSceneManifest_Generation = YES;
				INFOPLIST_KEY_UIApplicationSupportsIndirectInputEvents = YES;
				INFOPLIST_KEY_UILaunchScreen_Generation = YES;
				INFOPLIST_KEY_UISupportedInterfaceOrientations_iPad = "UIInterfaceOrientationPortrait UIInterfaceOrientationPortraitUpsideDown UIInterfaceOrientationLandscapeLeft UIInterfaceOrientationLandscapeRight";
				INFOPLIST_KEY_UISupportedInterfaceOrientations_iPhone = "UIInterfaceOrientationPortrait UIInterfaceOrientationLandscapeLeft UIInterfaceOrientationLandscapeRight";
				LD_RUNPATH_SEARCH_PATHS = (
					"$(inherited)",
					"@executable_path/Frameworks",
				);
				MARKETING_VERSION = 1.0;
				PRODUCT_BUNDLE_IDENTIFIER = Rishabh.SocialApp;
				PRODUCT_NAME = "$(TARGET_NAME)";
				SWIFT_EMIT_LOC_STRINGS = YES;
				SWIFT_VERSION = 5.0;
				TARGETED_DEVICE_FAMILY = "1,2";
			};
			name = Debug;
		};
		18B4CC822C450EA2006D8B90 /* Release */ = {
			isa = XCBuildConfiguration;
			buildSettings = {
				ASSETCATALOG_COMPILER_APPICON_NAME = AppIcon;
				ASSETCATALOG_COMPILER_GLOBAL_ACCENT_COLOR_NAME = AccentColor;
				CODE_SIGN_STYLE = Automatic;
				CURRENT_PROJECT_VERSION = 1;
				DEVELOPMENT_ASSET_PATHS = "\"SocialApp/Preview Content\"";
				DEVELOPMENT_TEAM = CA788P8829;
				ENABLE_PREVIEWS = YES;
				GENERATE_INFOPLIST_FILE = YES;
				INFOPLIST_KEY_UIApplicationSceneManifest_Generation = YES;
				INFOPLIST_KEY_UIApplicationSupportsIndirectInputEvents = YES;
				INFOPLIST_KEY_UILaunchScreen_Generation = YES;
				INFOPLIST_KEY_UISupportedInterfaceOrientations_iPad = "UIInterfaceOrientationPortrait UIInterfaceOrientationPortraitUpsideDown UIInterfaceOrientationLandscapeLeft UIInterfaceOrientationLandscapeRight";
				INFOPLIST_KEY_UISupportedInterfaceOrientations_iPhone = "UIInterfaceOrientationPortrait UIInterfaceOrientationLandscapeLeft UIInterfaceOrientationLandscapeRight";
				LD_RUNPATH_SEARCH_PATHS = (
					"$(inherited)",
					"@executable_path/Frameworks",
				);
				MARKETING_VERSION = 1.0;
				PRODUCT_BUNDLE_IDENTIFIER = Rishabh.SocialApp;
				PRODUCT_NAME = "$(TARGET_NAME)";
				SWIFT_EMIT_LOC_STRINGS = YES;
				SWIFT_VERSION = 5.0;
				TARGETED_DEVICE_FAMILY = "1,2";
			};
			name = Release;
		};
		18B4CC842C450EA2006D8B90 /* Debug */ = {
			isa = XCBuildConfiguration;
			buildSettings = {
				ALWAYS_EMBED_SWIFT_STANDARD_LIBRARIES = YES;
				BUNDLE_LOADER = "$(TEST_HOST)";
				CODE_SIGN_STYLE = Automatic;
				CURRENT_PROJECT_VERSION = 1;
				DEVELOPMENT_TEAM = CA788P8829;
				GENERATE_INFOPLIST_FILE = YES;
				IPHONEOS_DEPLOYMENT_TARGET = 17.5;
				MARKETING_VERSION = 1.0;
				PRODUCT_BUNDLE_IDENTIFIER = Rishabh.SocialAppTests;
				PRODUCT_NAME = "$(TARGET_NAME)";
				SWIFT_EMIT_LOC_STRINGS = NO;
				SWIFT_VERSION = 5.0;
				TARGETED_DEVICE_FAMILY = "1,2";
				TEST_HOST = "$(BUILT_PRODUCTS_DIR)/SocialApp.app/$(BUNDLE_EXECUTABLE_FOLDER_PATH)/SocialApp";
			};
			name = Debug;
		};
		18B4CC852C450EA2006D8B90 /* Release */ = {
			isa = XCBuildConfiguration;
			buildSettings = {
				ALWAYS_EMBED_SWIFT_STANDARD_LIBRARIES = YES;
				BUNDLE_LOADER = "$(TEST_HOST)";
				CODE_SIGN_STYLE = Automatic;
				CURRENT_PROJECT_VERSION = 1;
				DEVELOPMENT_TEAM = CA788P8829;
				GENERATE_INFOPLIST_FILE = YES;
				IPHONEOS_DEPLOYMENT_TARGET = 17.5;
				MARKETING_VERSION = 1.0;
				PRODUCT_BUNDLE_IDENTIFIER = Rishabh.SocialAppTests;
				PRODUCT_NAME = "$(TARGET_NAME)";
				SWIFT_EMIT_LOC_STRINGS = NO;
				SWIFT_VERSION = 5.0;
				TARGETED_DEVICE_FAMILY = "1,2";
				TEST_HOST = "$(BUILT_PRODUCTS_DIR)/SocialApp.app/$(BUNDLE_EXECUTABLE_FOLDER_PATH)/SocialApp";
			};
			name = Release;
		};
		18B4CC872C450EA2006D8B90 /* Debug */ = {
			isa = XCBuildConfiguration;
			buildSettings = {
				ALWAYS_EMBED_SWIFT_STANDARD_LIBRARIES = YES;
				CODE_SIGN_STYLE = Automatic;
				CURRENT_PROJECT_VERSION = 1;
				DEVELOPMENT_TEAM = CA788P8829;
				GENERATE_INFOPLIST_FILE = YES;
				MARKETING_VERSION = 1.0;
				PRODUCT_BUNDLE_IDENTIFIER = Rishabh.SocialAppUITests;
				PRODUCT_NAME = "$(TARGET_NAME)";
				SWIFT_EMIT_LOC_STRINGS = NO;
				SWIFT_VERSION = 5.0;
				TARGETED_DEVICE_FAMILY = "1,2";
				TEST_TARGET_NAME = SocialApp;
			};
			name = Debug;
		};
		18B4CC882C450EA2006D8B90 /* Release */ = {
			isa = XCBuildConfiguration;
			buildSettings = {
				ALWAYS_EMBED_SWIFT_STANDARD_LIBRARIES = YES;
				CODE_SIGN_STYLE = Automatic;
				CURRENT_PROJECT_VERSION = 1;
				DEVELOPMENT_TEAM = CA788P8829;
				GENERATE_INFOPLIST_FILE = YES;
				MARKETING_VERSION = 1.0;
				PRODUCT_BUNDLE_IDENTIFIER = Rishabh.SocialAppUITests;
				PRODUCT_NAME = "$(TARGET_NAME)";
				SWIFT_EMIT_LOC_STRINGS = NO;
				SWIFT_VERSION = 5.0;
				TARGETED_DEVICE_FAMILY = "1,2";
				TEST_TARGET_NAME = SocialApp;
			};
			name = Release;
		};
/* End XCBuildConfiguration section */

/* Begin XCConfigurationList section */
		18B4CC552C450E9E006D8B90 /* Build configuration list for PBXProject "SocialApp" */ = {
			isa = XCConfigurationList;
			buildConfigurations = (
				18B4CC7E2C450EA2006D8B90 /* Debug */,
				18B4CC7F2C450EA2006D8B90 /* Release */,
			);
			defaultConfigurationIsVisible = 0;
			defaultConfigurationName = Release;
		};
		18B4CC802C450EA2006D8B90 /* Build configuration list for PBXNativeTarget "SocialApp" */ = {
			isa = XCConfigurationList;
			buildConfigurations = (
				18B4CC812C450EA2006D8B90 /* Debug */,
				18B4CC822C450EA2006D8B90 /* Release */,
			);
			defaultConfigurationIsVisible = 0;
			defaultConfigurationName = Release;
		};
		18B4CC832C450EA2006D8B90 /* Build configuration list for PBXNativeTarget "SocialAppTests" */ = {
			isa = XCConfigurationList;
			buildConfigurations = (
				18B4CC842C450EA2006D8B90 /* Debug */,
				18B4CC852C450EA2006D8B90 /* Release */,
			);
			defaultConfigurationIsVisible = 0;
			defaultConfigurationName = Release;
		};
		18B4CC862C450EA2006D8B90 /* Build configuration list for PBXNativeTarget "SocialAppUITests" */ = {
			isa = XCConfigurationList;
			buildConfigurations = (
				18B4CC872C450EA2006D8B90 /* Debug */,
				18B4CC882C450EA2006D8B90 /* Release */,
			);
			defaultConfigurationIsVisible = 0;
			defaultConfigurationName = Release;
		};
/* End XCConfigurationList section */
	};
	rootObject = 18B4CC522C450E9E006D8B90 /* Project object */;
}
